
Microsoft Visual Studio Solution File, Format Version 12.00
# Visual Studio Version 16
VisualStudioVersion = 16.0.32002.261
MinimumVisualStudioVersion = 10.0.40219.1
Project("{F184B08F-C81C-45F6-A57F-5ABD9991F28F}") = "RetoSGE", "RetoSGE\RetoSGE.vbproj", "{EEB35624-D0ED-4255-84BB-0FDCFC67241F}"
EndProject
Global
	GlobalSection(SolutionConfigurationPlatforms) = preSolution
		Debug|Any CPU = Debug|Any CPU
		Release|Any CPU = Release|Any CPU
	EndGlobalSection
	GlobalSection(ProjectConfigurationPlatforms) = postSolution
		{EEB35624-D0ED-4255-84BB-0FDCFC67241F}.Debug|Any CPU.ActiveCfg = Debug|Any CPU
		{EEB35624-D0ED-4255-84BB-0FDCFC67241F}.Debug|Any CPU.Build.0 = Debug|Any CPU
		{EEB35624-D0ED-4255-84BB-0FDCFC67241F}.Release|Any CPU.ActiveCfg = Release|Any CPU
		{EEB35624-D0ED-4255-84BB-0FDCFC67241F}.Release|Any CPU.Build.0 = Release|Any CPU
	EndGlobalSection
	GlobalSection(SolutionProperties) = preSolution
		HideSolutionNode = FALSE
	EndGlobalSection
	GlobalSection(ExtensibilityGlobals) = postSolution
		SolutionGuid = {39A2A221-30AB-40A2-A372-940CBD577985}
	EndGlobalSection
EndGlobal
